// !$*UTF8*$!
{
	archiveVersion = 1;
	classes = {
	};
	objectVersion = 48;
	objects = {

/* Begin PBXBuildFile section */
		032BB2901FB91E2800874EC6 /* HistoryModel.swift in Sources */ = {isa = PBXBuildFile; fileRef = 032BB28F1FB91E2800874EC6 /* HistoryModel.swift */; };
		0342EEE31FB8845B0095D4C5 /* MWorkersTVC.swift in Sources */ = {isa = PBXBuildFile; fileRef = 0342EEE21FB8845B0095D4C5 /* MWorkersTVC.swift */; };
		0342EEE51FB886640095D4C5 /* WorkerCell.swift in Sources */ = {isa = PBXBuildFile; fileRef = 0342EEE41FB886640095D4C5 /* WorkerCell.swift */; };
		034684C81FB467E100F785D8 /* MSetupAddressVC.swift in Sources */ = {isa = PBXBuildFile; fileRef = 034684C71FB467E100F785D8 /* MSetupAddressVC.swift */; };
		034684CA1FB50A8300F785D8 /* MSetupAddressNewVC.swift in Sources */ = {isa = PBXBuildFile; fileRef = 034684C91FB50A8300F785D8 /* MSetupAddressNewVC.swift */; };
		0348D3741FB4652C00B9A42B /* SetupAddressCell.swift in Sources */ = {isa = PBXBuildFile; fileRef = 0348D3731FB4652C00B9A42B /* SetupAddressCell.swift */; };
		0349B4BB1FB18FAF0076F8E7 /* SetupCurrencyCell.swift in Sources */ = {isa = PBXBuildFile; fileRef = 0349B4BA1FB18FAF0076F8E7 /* SetupCurrencyCell.swift */; };
		03610A7B1FAA34490009D312 /* MPageVC.swift in Sources */ = {isa = PBXBuildFile; fileRef = 03610A7A1FAA34490009D312 /* MPageVC.swift */; };
		03610A7D1FAA3DEE0009D312 /* MSetupVC.swift in Sources */ = {isa = PBXBuildFile; fileRef = 03610A7C1FAA3DEE0009D312 /* MSetupVC.swift */; };
		03610A7F1FAA3F0A0009D312 /* MDashboardVC.swift in Sources */ = {isa = PBXBuildFile; fileRef = 03610A7E1FAA3F0A0009D312 /* MDashboardVC.swift */; };
		03610A811FAA3F8D0009D312 /* MCurrencyVC.swift in Sources */ = {isa = PBXBuildFile; fileRef = 03610A801FAA3F8D0009D312 /* MCurrencyVC.swift */; };
		03610A831FAA454C0009D312 /* MTabBarVC.swift in Sources */ = {isa = PBXBuildFile; fileRef = 03610A821FAA454C0009D312 /* MTabBarVC.swift */; };
		03610A871FB14CD30009D312 /* CryptoModel.swift in Sources */ = {isa = PBXBuildFile; fileRef = 03610A861FB14CD30009D312 /* CryptoModel.swift */; };
		03610A8B1FB150910009D312 /* MSetupCurrencyVC.swift in Sources */ = {isa = PBXBuildFile; fileRef = 03610A8A1FB150910009D312 /* MSetupCurrencyVC.swift */; };
		03610A8D1FB159EB0009D312 /* CryptoCompare.swift in Sources */ = {isa = PBXBuildFile; fileRef = 03610A8C1FB159EB0009D312 /* CryptoCompare.swift */; };
		0363268F1FB8EE8800785753 /* SetupModel.swift in Sources */ = {isa = PBXBuildFile; fileRef = 0363268E1FB8EE8800785753 /* SetupModel.swift */; };
		038B86511FB836F0006324F0 /* MDashboardWorkersVC.swift in Sources */ = {isa = PBXBuildFile; fileRef = 038B86501FB836F0006324F0 /* MDashboardWorkersVC.swift */; };
		038DA9981FB2682300811AD2 /* Utility.swift in Sources */ = {isa = PBXBuildFile; fileRef = 038DA9971FB2682300811AD2 /* Utility.swift */; };
		038DA99E1FB2A8EC00811AD2 /* PoolModel.swift in Sources */ = {isa = PBXBuildFile; fileRef = 038DA99D1FB2A8EC00811AD2 /* PoolModel.swift */; };
		038DA9A01FB2A9D600811AD2 /* ServerModel.swift in Sources */ = {isa = PBXBuildFile; fileRef = 038DA99F1FB2A9D600811AD2 /* ServerModel.swift */; };
		038DA9A21FB2BF0D00811AD2 /* MSetupPoolVC.swift in Sources */ = {isa = PBXBuildFile; fileRef = 038DA9A11FB2BF0D00811AD2 /* MSetupPoolVC.swift */; };
		038DA9A41FB2C21700811AD2 /* SetupPoolCell.swift in Sources */ = {isa = PBXBuildFile; fileRef = 038DA9A31FB2C21700811AD2 /* SetupPoolCell.swift */; };
		039DF8FD1F9C245A0003FA18 /* AppDelegate.swift in Sources */ = {isa = PBXBuildFile; fileRef = 039DF8FC1F9C245A0003FA18 /* AppDelegate.swift */; };
		039DF9061F9C245A0003FA18 /* Main.storyboard in Resources */ = {isa = PBXBuildFile; fileRef = 039DF9041F9C245A0003FA18 /* Main.storyboard */; };
		039DF9081F9C245A0003FA18 /* Assets.xcassets in Resources */ = {isa = PBXBuildFile; fileRef = 039DF9071F9C245A0003FA18 /* Assets.xcassets */; };
		039DF90B1F9C245A0003FA18 /* LaunchScreen.storyboard in Resources */ = {isa = PBXBuildFile; fileRef = 039DF9091F9C245A0003FA18 /* LaunchScreen.storyboard */; };
		039DF9161F9C245A0003FA18 /* CryptoCheckTests.swift in Sources */ = {isa = PBXBuildFile; fileRef = 039DF9151F9C245A0003FA18 /* CryptoCheckTests.swift */; };
		039DF9211F9C245A0003FA18 /* CryptoCheckUITests.swift in Sources */ = {isa = PBXBuildFile; fileRef = 039DF9201F9C245A0003FA18 /* CryptoCheckUITests.swift */; };
		039F45661FB44B8C00D59C1E /* SetupPortCell.swift in Sources */ = {isa = PBXBuildFile; fileRef = 039F45651FB44B8C00D59C1E /* SetupPortCell.swift */; };
		03A6E5D21FB545C90008C4CB /* MDefaults.swift in Sources */ = {isa = PBXBuildFile; fileRef = 03A6E5D11FB545C90008C4CB /* MDefaults.swift */; };
		03A6E5D41FB574400008C4CB /* WorkerModel.swift in Sources */ = {isa = PBXBuildFile; fileRef = 03A6E5D31FB574400008C4CB /* WorkerModel.swift */; };
		03A6E5D61FB575810008C4CB /* MineModel.swift in Sources */ = {isa = PBXBuildFile; fileRef = 03A6E5D51FB575810008C4CB /* MineModel.swift */; };
		03A6E5D81FB578660008C4CB /* MineProtocol.swift in Sources */ = {isa = PBXBuildFile; fileRef = 03A6E5D71FB578660008C4CB /* MineProtocol.swift */; };
		03A6E5DA1FB592B40008C4CB /* EthermineAPI.swift in Sources */ = {isa = PBXBuildFile; fileRef = 03A6E5D91FB592B40008C4CB /* EthermineAPI.swift */; };
		03BE3BAD1FB2E9F500420EBB /* SetupServerCell.swift in Sources */ = {isa = PBXBuildFile; fileRef = 03BE3BAC1FB2E9F500420EBB /* SetupServerCell.swift */; };
		03F368F61FB9357600A50952 /* SwiftCharts.framework in Frameworks */ = {isa = PBXBuildFile; fileRef = 03F368F71FB9357600A50952 /* SwiftCharts.framework */; };
		03F368F91FB96B2E00A50952 /* PayoutModel.swift in Sources */ = {isa = PBXBuildFile; fileRef = 03F368F81FB96B2D00A50952 /* PayoutModel.swift */; };
		03FB03411FB3AD70008CC693 /* MSetupServerVC.swift in Sources */ = {isa = PBXBuildFile; fileRef = 03FB03401FB3AD70008CC693 /* MSetupServerVC.swift */; };
		03FB03431FB3ED49008CC693 /* MSetupPortVC.swift in Sources */ = {isa = PBXBuildFile; fileRef = 03FB03421FB3ED49008CC693 /* MSetupPortVC.swift */; };
		F4F6CCEE2B2805734FC5C5CF /* Pods_CryptoCheck.framework in Frameworks */ = {isa = PBXBuildFile; fileRef = 018E3ACB2392B637774E8794 /* Pods_CryptoCheck.framework */; };
/* End PBXBuildFile section */

/* Begin PBXContainerItemProxy section */
		039DF9121F9C245A0003FA18 /* PBXContainerItemProxy */ = {
			isa = PBXContainerItemProxy;
			containerPortal = 039DF8F11F9C245A0003FA18 /* Project object */;
			proxyType = 1;
			remoteGlobalIDString = 039DF8F81F9C245A0003FA18;
			remoteInfo = CryptoCheck;
		};
		039DF91D1F9C245A0003FA18 /* PBXContainerItemProxy */ = {
			isa = PBXContainerItemProxy;
			containerPortal = 039DF8F11F9C245A0003FA18 /* Project object */;
			proxyType = 1;
			remoteGlobalIDString = 039DF8F81F9C245A0003FA18;
			remoteInfo = CryptoCheck;
		};
/* End PBXContainerItemProxy section */

/* Begin PBXFileReference section */
		018E3ACB2392B637774E8794 /* Pods_CryptoCheck.framework */ = {isa = PBXFileReference; explicitFileType = wrapper.framework; includeInIndex = 0; path = Pods_CryptoCheck.framework; sourceTree = BUILT_PRODUCTS_DIR; };
		032BB28F1FB91E2800874EC6 /* HistoryModel.swift */ = {isa = PBXFileReference; lastKnownFileType = sourcecode.swift; path = HistoryModel.swift; sourceTree = "<group>"; };
		0342EEE21FB8845B0095D4C5 /* MWorkersTVC.swift */ = {isa = PBXFileReference; lastKnownFileType = sourcecode.swift; path = MWorkersTVC.swift; sourceTree = "<group>"; };
		0342EEE41FB886640095D4C5 /* WorkerCell.swift */ = {isa = PBXFileReference; lastKnownFileType = sourcecode.swift; path = WorkerCell.swift; sourceTree = "<group>"; };
		034684C71FB467E100F785D8 /* MSetupAddressVC.swift */ = {isa = PBXFileReference; lastKnownFileType = sourcecode.swift; path = MSetupAddressVC.swift; sourceTree = "<group>"; };
		034684C91FB50A8300F785D8 /* MSetupAddressNewVC.swift */ = {isa = PBXFileReference; lastKnownFileType = sourcecode.swift; path = MSetupAddressNewVC.swift; sourceTree = "<group>"; };
		0348D3731FB4652C00B9A42B /* SetupAddressCell.swift */ = {isa = PBXFileReference; lastKnownFileType = sourcecode.swift; path = SetupAddressCell.swift; sourceTree = "<group>"; };
		0349B4BA1FB18FAF0076F8E7 /* SetupCurrencyCell.swift */ = {isa = PBXFileReference; lastKnownFileType = sourcecode.swift; path = SetupCurrencyCell.swift; sourceTree = "<group>"; };
		03610A7A1FAA34490009D312 /* MPageVC.swift */ = {isa = PBXFileReference; lastKnownFileType = sourcecode.swift; path = MPageVC.swift; sourceTree = "<group>"; };
		03610A7C1FAA3DEE0009D312 /* MSetupVC.swift */ = {isa = PBXFileReference; lastKnownFileType = sourcecode.swift; path = MSetupVC.swift; sourceTree = "<group>"; };
		03610A7E1FAA3F0A0009D312 /* MDashboardVC.swift */ = {isa = PBXFileReference; lastKnownFileType = sourcecode.swift; path = MDashboardVC.swift; sourceTree = "<group>"; };
		03610A801FAA3F8D0009D312 /* MCurrencyVC.swift */ = {isa = PBXFileReference; lastKnownFileType = sourcecode.swift; path = MCurrencyVC.swift; sourceTree = "<group>"; };
		03610A821FAA454C0009D312 /* MTabBarVC.swift */ = {isa = PBXFileReference; lastKnownFileType = sourcecode.swift; path = MTabBarVC.swift; sourceTree = "<group>"; };
		03610A861FB14CD30009D312 /* CryptoModel.swift */ = {isa = PBXFileReference; lastKnownFileType = sourcecode.swift; path = CryptoModel.swift; sourceTree = "<group>"; };
		03610A8A1FB150910009D312 /* MSetupCurrencyVC.swift */ = {isa = PBXFileReference; lastKnownFileType = sourcecode.swift; path = MSetupCurrencyVC.swift; sourceTree = "<group>"; };
		03610A8C1FB159EB0009D312 /* CryptoCompare.swift */ = {isa = PBXFileReference; lastKnownFileType = sourcecode.swift; path = CryptoCompare.swift; sourceTree = "<group>"; };
		0363268E1FB8EE8800785753 /* SetupModel.swift */ = {isa = PBXFileReference; lastKnownFileType = sourcecode.swift; path = SetupModel.swift; sourceTree = "<group>"; };
		038B86501FB836F0006324F0 /* MDashboardWorkersVC.swift */ = {isa = PBXFileReference; lastKnownFileType = sourcecode.swift; path = MDashboardWorkersVC.swift; sourceTree = "<group>"; };
		038DA9971FB2682300811AD2 /* Utility.swift */ = {isa = PBXFileReference; lastKnownFileType = sourcecode.swift; path = Utility.swift; sourceTree = "<group>"; };
		038DA99D1FB2A8EC00811AD2 /* PoolModel.swift */ = {isa = PBXFileReference; lastKnownFileType = sourcecode.swift; path = PoolModel.swift; sourceTree = "<group>"; };
		038DA99F1FB2A9D600811AD2 /* ServerModel.swift */ = {isa = PBXFileReference; lastKnownFileType = sourcecode.swift; path = ServerModel.swift; sourceTree = "<group>"; };
		038DA9A11FB2BF0D00811AD2 /* MSetupPoolVC.swift */ = {isa = PBXFileReference; lastKnownFileType = sourcecode.swift; path = MSetupPoolVC.swift; sourceTree = "<group>"; };
		038DA9A31FB2C21700811AD2 /* SetupPoolCell.swift */ = {isa = PBXFileReference; lastKnownFileType = sourcecode.swift; path = SetupPoolCell.swift; sourceTree = "<group>"; };
		039DF8F91F9C245A0003FA18 /* CryptoCheck.app */ = {isa = PBXFileReference; explicitFileType = wrapper.application; includeInIndex = 0; path = CryptoCheck.app; sourceTree = BUILT_PRODUCTS_DIR; };
		039DF8FC1F9C245A0003FA18 /* AppDelegate.swift */ = {isa = PBXFileReference; lastKnownFileType = sourcecode.swift; path = AppDelegate.swift; sourceTree = "<group>"; };
		039DF9051F9C245A0003FA18 /* Base */ = {isa = PBXFileReference; lastKnownFileType = file.storyboard; name = Base; path = Base.lproj/Main.storyboard; sourceTree = "<group>"; };
		039DF9071F9C245A0003FA18 /* Assets.xcassets */ = {isa = PBXFileReference; lastKnownFileType = folder.assetcatalog; path = Assets.xcassets; sourceTree = "<group>"; };
		039DF90A1F9C245A0003FA18 /* Base */ = {isa = PBXFileReference; lastKnownFileType = file.storyboard; name = Base; path = Base.lproj/LaunchScreen.storyboard; sourceTree = "<group>"; };
		039DF90C1F9C245A0003FA18 /* Info.plist */ = {isa = PBXFileReference; lastKnownFileType = text.plist.xml; path = Info.plist; sourceTree = "<group>"; };
		039DF9111F9C245A0003FA18 /* CryptoCheckTests.xctest */ = {isa = PBXFileReference; explicitFileType = wrapper.cfbundle; includeInIndex = 0; path = CryptoCheckTests.xctest; sourceTree = BUILT_PRODUCTS_DIR; };
		039DF9151F9C245A0003FA18 /* CryptoCheckTests.swift */ = {isa = PBXFileReference; lastKnownFileType = sourcecode.swift; path = CryptoCheckTests.swift; sourceTree = "<group>"; };
		039DF9171F9C245A0003FA18 /* Info.plist */ = {isa = PBXFileReference; lastKnownFileType = text.plist.xml; path = Info.plist; sourceTree = "<group>"; };
		039DF91C1F9C245A0003FA18 /* CryptoCheckUITests.xctest */ = {isa = PBXFileReference; explicitFileType = wrapper.cfbundle; includeInIndex = 0; path = CryptoCheckUITests.xctest; sourceTree = BUILT_PRODUCTS_DIR; };
		039DF9201F9C245A0003FA18 /* CryptoCheckUITests.swift */ = {isa = PBXFileReference; lastKnownFileType = sourcecode.swift; path = CryptoCheckUITests.swift; sourceTree = "<group>"; };
		039DF9221F9C245A0003FA18 /* Info.plist */ = {isa = PBXFileReference; lastKnownFileType = text.plist.xml; path = Info.plist; sourceTree = "<group>"; };
		039F45651FB44B8C00D59C1E /* SetupPortCell.swift */ = {isa = PBXFileReference; lastKnownFileType = sourcecode.swift; path = SetupPortCell.swift; sourceTree = "<group>"; };
		03A6E5D11FB545C90008C4CB /* MDefaults.swift */ = {isa = PBXFileReference; lastKnownFileType = sourcecode.swift; path = MDefaults.swift; sourceTree = "<group>"; };
		03A6E5D31FB574400008C4CB /* WorkerModel.swift */ = {isa = PBXFileReference; lastKnownFileType = sourcecode.swift; path = WorkerModel.swift; sourceTree = "<group>"; };
		03A6E5D51FB575810008C4CB /* MineModel.swift */ = {isa = PBXFileReference; lastKnownFileType = sourcecode.swift; path = MineModel.swift; sourceTree = "<group>"; };
		03A6E5D71FB578660008C4CB /* MineProtocol.swift */ = {isa = PBXFileReference; lastKnownFileType = sourcecode.swift; path = MineProtocol.swift; sourceTree = "<group>"; };
		03A6E5D91FB592B40008C4CB /* EthermineAPI.swift */ = {isa = PBXFileReference; lastKnownFileType = sourcecode.swift; path = EthermineAPI.swift; sourceTree = "<group>"; };
		03BE3BAC1FB2E9F500420EBB /* SetupServerCell.swift */ = {isa = PBXFileReference; lastKnownFileType = sourcecode.swift; path = SetupServerCell.swift; sourceTree = "<group>"; };
		03F368F71FB9357600A50952 /* SwiftCharts.framework */ = {isa = PBXFileReference; explicitFileType = wrapper.framework; path = SwiftCharts.framework; sourceTree = BUILT_PRODUCTS_DIR; };
		03F368F81FB96B2D00A50952 /* PayoutModel.swift */ = {isa = PBXFileReference; lastKnownFileType = sourcecode.swift; path = PayoutModel.swift; sourceTree = "<group>"; };
		03FB03401FB3AD70008CC693 /* MSetupServerVC.swift */ = {isa = PBXFileReference; lastKnownFileType = sourcecode.swift; path = MSetupServerVC.swift; sourceTree = "<group>"; };
		03FB03421FB3ED49008CC693 /* MSetupPortVC.swift */ = {isa = PBXFileReference; lastKnownFileType = sourcecode.swift; path = MSetupPortVC.swift; sourceTree = "<group>"; };
		241AC3C609128EE9C9B779BE /* Pods-CryptoCheck.release.xcconfig */ = {isa = PBXFileReference; includeInIndex = 1; lastKnownFileType = text.xcconfig; name = "Pods-CryptoCheck.release.xcconfig"; path = "Pods/Target Support Files/Pods-CryptoCheck/Pods-CryptoCheck.release.xcconfig"; sourceTree = "<group>"; };
		C3F8840CA262D64B24EDF96A /* Pods-CryptoCheck.debug.xcconfig */ = {isa = PBXFileReference; includeInIndex = 1; lastKnownFileType = text.xcconfig; name = "Pods-CryptoCheck.debug.xcconfig"; path = "Pods/Target Support Files/Pods-CryptoCheck/Pods-CryptoCheck.debug.xcconfig"; sourceTree = "<group>"; };
/* End PBXFileReference section */

/* Begin PBXFrameworksBuildPhase section */
		039DF8F61F9C245A0003FA18 /* Frameworks */ = {
			isa = PBXFrameworksBuildPhase;
			buildActionMask = 2147483647;
			files = (
				03F368F61FB9357600A50952 /* SwiftCharts.framework in Frameworks */,
				F4F6CCEE2B2805734FC5C5CF /* Pods_CryptoCheck.framework in Frameworks */,
			);
			runOnlyForDeploymentPostprocessing = 0;
		};
		039DF90E1F9C245A0003FA18 /* Frameworks */ = {
			isa = PBXFrameworksBuildPhase;
			buildActionMask = 2147483647;
			files = (
			);
			runOnlyForDeploymentPostprocessing = 0;
		};
		039DF9191F9C245A0003FA18 /* Frameworks */ = {
			isa = PBXFrameworksBuildPhase;
			buildActionMask = 2147483647;
			files = (
			);
			runOnlyForDeploymentPostprocessing = 0;
		};
/* End PBXFrameworksBuildPhase section */

/* Begin PBXGroup section */
		0317EB931FB83EE900380BD8 /* Dashboard */ = {
			isa = PBXGroup;
			children = (
				03610A7E1FAA3F0A0009D312 /* MDashboardVC.swift */,
				038B86501FB836F0006324F0 /* MDashboardWorkersVC.swift */,
				0342EEE21FB8845B0095D4C5 /* MWorkersTVC.swift */,
				0342EEE41FB886640095D4C5 /* WorkerCell.swift */,
			);
			path = Dashboard;
			sourceTree = "<group>";
		};
		031D30391FBA17E800DA288C /* Currency */ = {
			isa = PBXGroup;
			children = (
				03610A801FAA3F8D0009D312 /* MCurrencyVC.swift */,
			);
			path = Currency;
			sourceTree = "<group>";
		};
		031D303A1FBA1D5400DA288C /* API */ = {
			isa = PBXGroup;
			children = (
				03A6E5D71FB578660008C4CB /* MineProtocol.swift */,
				03A6E5D91FB592B40008C4CB /* EthermineAPI.swift */,
			);
			path = API;
			sourceTree = "<group>";
		};
		034684C61FB4678C00F785D8 /* Setup */ = {
			isa = PBXGroup;
			children = (
				03610A7C1FAA3DEE0009D312 /* MSetupVC.swift */,
				03610A8A1FB150910009D312 /* MSetupCurrencyVC.swift */,
				038DA9A11FB2BF0D00811AD2 /* MSetupPoolVC.swift */,
				03FB03401FB3AD70008CC693 /* MSetupServerVC.swift */,
				03FB03421FB3ED49008CC693 /* MSetupPortVC.swift */,
				034684C71FB467E100F785D8 /* MSetupAddressVC.swift */,
				034684C91FB50A8300F785D8 /* MSetupAddressNewVC.swift */,
				0349B4BA1FB18FAF0076F8E7 /* SetupCurrencyCell.swift */,
				038DA9A31FB2C21700811AD2 /* SetupPoolCell.swift */,
				03BE3BAC1FB2E9F500420EBB /* SetupServerCell.swift */,
				039F45651FB44B8C00D59C1E /* SetupPortCell.swift */,
				0348D3731FB4652C00B9A42B /* SetupAddressCell.swift */,
			);
			path = Setup;
			sourceTree = "<group>";
		};
		03610A891FB14D650009D312 /* Models */ = {
			isa = PBXGroup;
			children = (
				03610A861FB14CD30009D312 /* CryptoModel.swift */,
				038DA99D1FB2A8EC00811AD2 /* PoolModel.swift */,
				038DA99F1FB2A9D600811AD2 /* ServerModel.swift */,
				03A6E5D31FB574400008C4CB /* WorkerModel.swift */,
				03A6E5D51FB575810008C4CB /* MineModel.swift */,
				0363268E1FB8EE8800785753 /* SetupModel.swift */,
				032BB28F1FB91E2800874EC6 /* HistoryModel.swift */,
				03F368F81FB96B2D00A50952 /* PayoutModel.swift */,
			);
			path = Models;
			sourceTree = "<group>";
		};
		039DF8F01F9C245A0003FA18 = {
			isa = PBXGroup;
			children = (
				039DF8FB1F9C245A0003FA18 /* CryptoCheck */,
				039DF9141F9C245A0003FA18 /* CryptoCheckTests */,
				039DF91F1F9C245A0003FA18 /* CryptoCheckUITests */,
				039DF8FA1F9C245A0003FA18 /* Products */,
				FB82ACF0DC3B809A8F0B720F /* Pods */,
				A1EFDD539E231358F43482D4 /* Frameworks */,
			);
			sourceTree = "<group>";
		};
		039DF8FA1F9C245A0003FA18 /* Products */ = {
			isa = PBXGroup;
			children = (
				039DF8F91F9C245A0003FA18 /* CryptoCheck.app */,
				039DF9111F9C245A0003FA18 /* CryptoCheckTests.xctest */,
				039DF91C1F9C245A0003FA18 /* CryptoCheckUITests.xctest */,
			);
			name = Products;
			sourceTree = "<group>";
		};
		039DF8FB1F9C245A0003FA18 /* CryptoCheck */ = {
			isa = PBXGroup;
			children = (
				031D30391FBA17E800DA288C /* Currency */,
				034684C61FB4678C00F785D8 /* Setup */,
				03610A891FB14D650009D312 /* Models */,
				039DF8FC1F9C245A0003FA18 /* AppDelegate.swift */,
				039DF9041F9C245A0003FA18 /* Main.storyboard */,
				0317EB931FB83EE900380BD8 /* Dashboard */,
				039DF9071F9C245A0003FA18 /* Assets.xcassets */,
				039DF9091F9C245A0003FA18 /* LaunchScreen.storyboard */,
				039DF90C1F9C245A0003FA18 /* Info.plist */,
				038DA9971FB2682300811AD2 /* Utility.swift */,
				03610A8C1FB159EB0009D312 /* CryptoCompare.swift */,
				03610A7A1FAA34490009D312 /* MPageVC.swift */,
				03610A821FAA454C0009D312 /* MTabBarVC.swift */,
				03A6E5D11FB545C90008C4CB /* MDefaults.swift */,
				031D303A1FBA1D5400DA288C /* API */,
			);
			path = CryptoCheck;
			sourceTree = "<group>";
		};
		039DF9141F9C245A0003FA18 /* CryptoCheckTests */ = {
			isa = PBXGroup;
			children = (
				039DF9151F9C245A0003FA18 /* CryptoCheckTests.swift */,
				039DF9171F9C245A0003FA18 /* Info.plist */,
			);
			path = CryptoCheckTests;
			sourceTree = "<group>";
		};
		039DF91F1F9C245A0003FA18 /* CryptoCheckUITests */ = {
			isa = PBXGroup;
			children = (
				039DF9201F9C245A0003FA18 /* CryptoCheckUITests.swift */,
				039DF9221F9C245A0003FA18 /* Info.plist */,
			);
			path = CryptoCheckUITests;
			sourceTree = "<group>";
		};
		A1EFDD539E231358F43482D4 /* Frameworks */ = {
			isa = PBXGroup;
			children = (
				03F368F71FB9357600A50952 /* SwiftCharts.framework */,
				018E3ACB2392B637774E8794 /* Pods_CryptoCheck.framework */,
			);
			name = Frameworks;
			sourceTree = "<group>";
		};
		FB82ACF0DC3B809A8F0B720F /* Pods */ = {
			isa = PBXGroup;
			children = (
				C3F8840CA262D64B24EDF96A /* Pods-CryptoCheck.debug.xcconfig */,
				241AC3C609128EE9C9B779BE /* Pods-CryptoCheck.release.xcconfig */,
			);
			name = Pods;
			sourceTree = "<group>";
		};
/* End PBXGroup section */

/* Begin PBXNativeTarget section */
		039DF8F81F9C245A0003FA18 /* CryptoCheck */ = {
			isa = PBXNativeTarget;
			buildConfigurationList = 039DF9251F9C245B0003FA18 /* Build configuration list for PBXNativeTarget "CryptoCheck" */;
			buildPhases = (
				92B5B545903B73F531514366 /* [CP] Check Pods Manifest.lock */,
				039DF8F51F9C245A0003FA18 /* Sources */,
				039DF8F61F9C245A0003FA18 /* Frameworks */,
				039DF8F71F9C245A0003FA18 /* Resources */,
				ACCC4DB7D7CF8AA6CCD4C578 /* [CP] Embed Pods Frameworks */,
				6721AD23D98BF48A67914ECA /* [CP] Copy Pods Resources */,
			);
			buildRules = (
			);
			dependencies = (
			);
			name = CryptoCheck;
			productName = CryptoCheck;
			productReference = 039DF8F91F9C245A0003FA18 /* CryptoCheck.app */;
			productType = "com.apple.product-type.application";
		};
		039DF9101F9C245A0003FA18 /* CryptoCheckTests */ = {
			isa = PBXNativeTarget;
			buildConfigurationList = 039DF9281F9C245B0003FA18 /* Build configuration list for PBXNativeTarget "CryptoCheckTests" */;
			buildPhases = (
				039DF90D1F9C245A0003FA18 /* Sources */,
				039DF90E1F9C245A0003FA18 /* Frameworks */,
				039DF90F1F9C245A0003FA18 /* Resources */,
			);
			buildRules = (
			);
			dependencies = (
				039DF9131F9C245A0003FA18 /* PBXTargetDependency */,
			);
			name = CryptoCheckTests;
			productName = CryptoCheckTests;
			productReference = 039DF9111F9C245A0003FA18 /* CryptoCheckTests.xctest */;
			productType = "com.apple.product-type.bundle.unit-test";
		};
		039DF91B1F9C245A0003FA18 /* CryptoCheckUITests */ = {
			isa = PBXNativeTarget;
			buildConfigurationList = 039DF92B1F9C245B0003FA18 /* Build configuration list for PBXNativeTarget "CryptoCheckUITests" */;
			buildPhases = (
				039DF9181F9C245A0003FA18 /* Sources */,
				039DF9191F9C245A0003FA18 /* Frameworks */,
				039DF91A1F9C245A0003FA18 /* Resources */,
			);
			buildRules = (
			);
			dependencies = (
				039DF91E1F9C245A0003FA18 /* PBXTargetDependency */,
			);
			name = CryptoCheckUITests;
			productName = CryptoCheckUITests;
			productReference = 039DF91C1F9C245A0003FA18 /* CryptoCheckUITests.xctest */;
			productType = "com.apple.product-type.bundle.ui-testing";
		};
/* End PBXNativeTarget section */

/* Begin PBXProject section */
		039DF8F11F9C245A0003FA18 /* Project object */ = {
			isa = PBXProject;
			attributes = {
				LastSwiftUpdateCheck = 0900;
				LastUpgradeCheck = 0900;
				ORGANIZATIONNAME = "Michael Curtis";
				TargetAttributes = {
					039DF8F81F9C245A0003FA18 = {
						CreatedOnToolsVersion = 9.0.1;
						ProvisioningStyle = Automatic;
					};
					039DF9101F9C245A0003FA18 = {
						CreatedOnToolsVersion = 9.0.1;
						ProvisioningStyle = Automatic;
						TestTargetID = 039DF8F81F9C245A0003FA18;
					};
					039DF91B1F9C245A0003FA18 = {
						CreatedOnToolsVersion = 9.0.1;
						ProvisioningStyle = Automatic;
						TestTargetID = 039DF8F81F9C245A0003FA18;
					};
				};
			};
			buildConfigurationList = 039DF8F41F9C245A0003FA18 /* Build configuration list for PBXProject "CryptoCheck" */;
			compatibilityVersion = "Xcode 8.0";
			developmentRegion = en;
			hasScannedForEncodings = 0;
			knownRegions = (
				en,
				Base,
			);
			mainGroup = 039DF8F01F9C245A0003FA18;
			productRefGroup = 039DF8FA1F9C245A0003FA18 /* Products */;
			projectDirPath = "";
			projectRoot = "";
			targets = (
				039DF8F81F9C245A0003FA18 /* CryptoCheck */,
				039DF9101F9C245A0003FA18 /* CryptoCheckTests */,
				039DF91B1F9C245A0003FA18 /* CryptoCheckUITests */,
			);
		};
/* End PBXProject section */

/* Begin PBXResourcesBuildPhase section */
		039DF8F71F9C245A0003FA18 /* Resources */ = {
			isa = PBXResourcesBuildPhase;
			buildActionMask = 2147483647;
			files = (
				039DF90B1F9C245A0003FA18 /* LaunchScreen.storyboard in Resources */,
				039DF9081F9C245A0003FA18 /* Assets.xcassets in Resources */,
				039DF9061F9C245A0003FA18 /* Main.storyboard in Resources */,
			);
			runOnlyForDeploymentPostprocessing = 0;
		};
		039DF90F1F9C245A0003FA18 /* Resources */ = {
			isa = PBXResourcesBuildPhase;
			buildActionMask = 2147483647;
			files = (
			);
			runOnlyForDeploymentPostprocessing = 0;
		};
		039DF91A1F9C245A0003FA18 /* Resources */ = {
			isa = PBXResourcesBuildPhase;
			buildActionMask = 2147483647;
			files = (
			);
			runOnlyForDeploymentPostprocessing = 0;
		};
/* End PBXResourcesBuildPhase section */

/* Begin PBXShellScriptBuildPhase section */
		6721AD23D98BF48A67914ECA /* [CP] Copy Pods Resources */ = {
			isa = PBXShellScriptBuildPhase;
			buildActionMask = 2147483647;
			files = (
			);
			inputPaths = (
			);
			name = "[CP] Copy Pods Resources";
			outputPaths = (
			);
			runOnlyForDeploymentPostprocessing = 0;
			shellPath = /bin/sh;
			shellScript = "\"${SRCROOT}/Pods/Target Support Files/Pods-CryptoCheck/Pods-CryptoCheck-resources.sh\"\n";
			showEnvVarsInLog = 0;
		};
		92B5B545903B73F531514366 /* [CP] Check Pods Manifest.lock */ = {
			isa = PBXShellScriptBuildPhase;
			buildActionMask = 2147483647;
			files = (
			);
			inputPaths = (
				"${PODS_PODFILE_DIR_PATH}/Podfile.lock",
				"${PODS_ROOT}/Manifest.lock",
			);
			name = "[CP] Check Pods Manifest.lock";
			outputPaths = (
				"$(DERIVED_FILE_DIR)/Pods-CryptoCheck-checkManifestLockResult.txt",
			);
			runOnlyForDeploymentPostprocessing = 0;
			shellPath = /bin/sh;
			shellScript = "diff \"${PODS_PODFILE_DIR_PATH}/Podfile.lock\" \"${PODS_ROOT}/Manifest.lock\" > /dev/null\nif [ $? != 0 ] ; then\n    # print error to STDERR\n    echo \"error: The sandbox is not in sync with the Podfile.lock. Run 'pod install' or update your CocoaPods installation.\" >&2\n    exit 1\nfi\n# This output is used by Xcode 'outputs' to avoid re-running this script phase.\necho \"SUCCESS\" > \"${SCRIPT_OUTPUT_FILE_0}\"\n";
			showEnvVarsInLog = 0;
		};
		ACCC4DB7D7CF8AA6CCD4C578 /* [CP] Embed Pods Frameworks */ = {
			isa = PBXShellScriptBuildPhase;
			buildActionMask = 2147483647;
			files = (
			);
			inputPaths = (
				"${SRCROOT}/Pods/Target Support Files/Pods-CryptoCheck/Pods-CryptoCheck-frameworks.sh",
				"${BUILT_PRODUCTS_DIR}/SwiftCharts/SwiftCharts.framework",
			);
			name = "[CP] Embed Pods Frameworks";
			outputPaths = (
				"${TARGET_BUILD_DIR}/${FRAMEWORKS_FOLDER_PATH}/SwiftCharts.framework",
			);
			runOnlyForDeploymentPostprocessing = 0;
			shellPath = /bin/sh;
			shellScript = "\"${SRCROOT}/Pods/Target Support Files/Pods-CryptoCheck/Pods-CryptoCheck-frameworks.sh\"\n";
			showEnvVarsInLog = 0;
		};
/* End PBXShellScriptBuildPhase section */

/* Begin PBXSourcesBuildPhase section */
		039DF8F51F9C245A0003FA18 /* Sources */ = {
			isa = PBXSourcesBuildPhase;
			buildActionMask = 2147483647;
			files = (
				03A6E5D61FB575810008C4CB /* MineModel.swift in Sources */,
				0348D3741FB4652C00B9A42B /* SetupAddressCell.swift in Sources */,
				039F45661FB44B8C00D59C1E /* SetupPortCell.swift in Sources */,
				03F368F91FB96B2E00A50952 /* PayoutModel.swift in Sources */,
				03A6E5D41FB574400008C4CB /* WorkerModel.swift in Sources */,
				038DA9981FB2682300811AD2 /* Utility.swift in Sources */,
				03A6E5D21FB545C90008C4CB /* MDefaults.swift in Sources */,
				03BE3BAD1FB2E9F500420EBB /* SetupServerCell.swift in Sources */,
				03610A7F1FAA3F0A0009D312 /* MDashboardVC.swift in Sources */,
				0342EEE51FB886640095D4C5 /* WorkerCell.swift in Sources */,
				03610A7B1FAA34490009D312 /* MPageVC.swift in Sources */,
				03610A831FAA454C0009D312 /* MTabBarVC.swift in Sources */,
				03A6E5D81FB578660008C4CB /* MineProtocol.swift in Sources */,
				03610A871FB14CD30009D312 /* CryptoModel.swift in Sources */,
				038DA9A21FB2BF0D00811AD2 /* MSetupPoolVC.swift in Sources */,
				038B86511FB836F0006324F0 /* MDashboardWorkersVC.swift in Sources */,
				0349B4BB1FB18FAF0076F8E7 /* SetupCurrencyCell.swift in Sources */,
				034684C81FB467E100F785D8 /* MSetupAddressVC.swift in Sources */,
				0342EEE31FB8845B0095D4C5 /* MWorkersTVC.swift in Sources */,
				03FB03431FB3ED49008CC693 /* MSetupPortVC.swift in Sources */,
				03610A811FAA3F8D0009D312 /* MCurrencyVC.swift in Sources */,
				038DA9A41FB2C21700811AD2 /* SetupPoolCell.swift in Sources */,
				03610A8D1FB159EB0009D312 /* CryptoCompare.swift in Sources */,
				034684CA1FB50A8300F785D8 /* MSetupAddressNewVC.swift in Sources */,
				032BB2901FB91E2800874EC6 /* HistoryModel.swift in Sources */,
				038DA9A01FB2A9D600811AD2 /* ServerModel.swift in Sources */,
				03610A8B1FB150910009D312 /* MSetupCurrencyVC.swift in Sources */,
				039DF8FD1F9C245A0003FA18 /* AppDelegate.swift in Sources */,
				0363268F1FB8EE8800785753 /* SetupModel.swift in Sources */,
				03FB03411FB3AD70008CC693 /* MSetupServerVC.swift in Sources */,
				03610A7D1FAA3DEE0009D312 /* MSetupVC.swift in Sources */,
				03A6E5DA1FB592B40008C4CB /* EthermineAPI.swift in Sources */,
				038DA99E1FB2A8EC00811AD2 /* PoolModel.swift in Sources */,
			);
			runOnlyForDeploymentPostprocessing = 0;
		};
		039DF90D1F9C245A0003FA18 /* Sources */ = {
			isa = PBXSourcesBuildPhase;
			buildActionMask = 2147483647;
			files = (
				039DF9161F9C245A0003FA18 /* CryptoCheckTests.swift in Sources */,
			);
			runOnlyForDeploymentPostprocessing = 0;
		};
		039DF9181F9C245A0003FA18 /* Sources */ = {
			isa = PBXSourcesBuildPhase;
			buildActionMask = 2147483647;
			files = (
				039DF9211F9C245A0003FA18 /* CryptoCheckUITests.swift in Sources */,
			);
			runOnlyForDeploymentPostprocessing = 0;
		};
/* End PBXSourcesBuildPhase section */

/* Begin PBXTargetDependency section */
		039DF9131F9C245A0003FA18 /* PBXTargetDependency */ = {
			isa = PBXTargetDependency;
			target = 039DF8F81F9C245A0003FA18 /* CryptoCheck */;
			targetProxy = 039DF9121F9C245A0003FA18 /* PBXContainerItemProxy */;
		};
		039DF91E1F9C245A0003FA18 /* PBXTargetDependency */ = {
			isa = PBXTargetDependency;
			target = 039DF8F81F9C245A0003FA18 /* CryptoCheck */;
			targetProxy = 039DF91D1F9C245A0003FA18 /* PBXContainerItemProxy */;
		};
/* End PBXTargetDependency section */

/* Begin PBXVariantGroup section */
		039DF9041F9C245A0003FA18 /* Main.storyboard */ = {
			isa = PBXVariantGroup;
			children = (
				039DF9051F9C245A0003FA18 /* Base */,
			);
			name = Main.storyboard;
			sourceTree = "<group>";
		};
		039DF9091F9C245A0003FA18 /* LaunchScreen.storyboard */ = {
			isa = PBXVariantGroup;
			children = (
				039DF90A1F9C245A0003FA18 /* Base */,
			);
			name = LaunchScreen.storyboard;
			sourceTree = "<group>";
		};
/* End PBXVariantGroup section */

/* Begin XCBuildConfiguration section */
		039DF9231F9C245B0003FA18 /* Debug */ = {
			isa = XCBuildConfiguration;
			buildSettings = {
				ALWAYS_SEARCH_USER_PATHS = NO;
				CLANG_ANALYZER_NONNULL = YES;
				CLANG_ANALYZER_NUMBER_OBJECT_CONVERSION = YES_AGGRESSIVE;
				CLANG_CXX_LANGUAGE_STANDARD = "gnu++14";
				CLANG_CXX_LIBRARY = "libc++";
				CLANG_ENABLE_MODULES = YES;
				CLANG_ENABLE_OBJC_ARC = YES;
				CLANG_WARN_BLOCK_CAPTURE_AUTORELEASING = YES;
				CLANG_WARN_BOOL_CONVERSION = YES;
				CLANG_WARN_COMMA = YES;
				CLANG_WARN_CONSTANT_CONVERSION = YES;
				CLANG_WARN_DIRECT_OBJC_ISA_USAGE = YES_ERROR;
				CLANG_WARN_DOCUMENTATION_COMMENTS = YES;
				CLANG_WARN_EMPTY_BODY = YES;
				CLANG_WARN_ENUM_CONVERSION = YES;
				CLANG_WARN_INFINITE_RECURSION = YES;
				CLANG_WARN_INT_CONVERSION = YES;
				CLANG_WARN_NON_LITERAL_NULL_CONVERSION = YES;
				CLANG_WARN_OBJC_LITERAL_CONVERSION = YES;
				CLANG_WARN_OBJC_ROOT_CLASS = YES_ERROR;
				CLANG_WARN_RANGE_LOOP_ANALYSIS = YES;
				CLANG_WARN_STRICT_PROTOTYPES = YES;
				CLANG_WARN_SUSPICIOUS_MOVE = YES;
				CLANG_WARN_UNGUARDED_AVAILABILITY = YES_AGGRESSIVE;
				CLANG_WARN_UNREACHABLE_CODE = YES;
				CLANG_WARN__DUPLICATE_METHOD_MATCH = YES;
				CODE_SIGN_IDENTITY = "iPhone Developer";
				COPY_PHASE_STRIP = NO;
				DEBUG_INFORMATION_FORMAT = dwarf;
				ENABLE_STRICT_OBJC_MSGSEND = YES;
				ENABLE_TESTABILITY = YES;
				GCC_C_LANGUAGE_STANDARD = gnu11;
				GCC_DYNAMIC_NO_PIC = NO;
				GCC_NO_COMMON_BLOCKS = YES;
				GCC_OPTIMIZATION_LEVEL = 0;
				GCC_PREPROCESSOR_DEFINITIONS = (
					"DEBUG=1",
					"$(inherited)",
				);
				GCC_WARN_64_TO_32_BIT_CONVERSION = YES;
				GCC_WARN_ABOUT_RETURN_TYPE = YES_ERROR;
				GCC_WARN_UNDECLARED_SELECTOR = YES;
				GCC_WARN_UNINITIALIZED_AUTOS = YES_AGGRESSIVE;
				GCC_WARN_UNUSED_FUNCTION = YES;
				GCC_WARN_UNUSED_VARIABLE = YES;
				IPHONEOS_DEPLOYMENT_TARGET = 11.0;
				MTL_ENABLE_DEBUG_INFO = YES;
				ONLY_ACTIVE_ARCH = YES;
				SDKROOT = iphoneos;
				SWIFT_ACTIVE_COMPILATION_CONDITIONS = DEBUG;
				SWIFT_OPTIMIZATION_LEVEL = "-Onone";
			};
			name = Debug;
		};
		039DF9241F9C245B0003FA18 /* Release */ = {
			isa = XCBuildConfiguration;
			buildSettings = {
				ALWAYS_SEARCH_USER_PATHS = NO;
				CLANG_ANALYZER_NONNULL = YES;
				CLANG_ANALYZER_NUMBER_OBJECT_CONVERSION = YES_AGGRESSIVE;
				CLANG_CXX_LANGUAGE_STANDARD = "gnu++14";
				CLANG_CXX_LIBRARY = "libc++";
				CLANG_ENABLE_MODULES = YES;
				CLANG_ENABLE_OBJC_ARC = YES;
				CLANG_WARN_BLOCK_CAPTURE_AUTORELEASING = YES;
				CLANG_WARN_BOOL_CONVERSION = YES;
				CLANG_WARN_COMMA = YES;
				CLANG_WARN_CONSTANT_CONVERSION = YES;
				CLANG_WARN_DIRECT_OBJC_ISA_USAGE = YES_ERROR;
				CLANG_WARN_DOCUMENTATION_COMMENTS = YES;
				CLANG_WARN_EMPTY_BODY = YES;
				CLANG_WARN_ENUM_CONVERSION = YES;
				CLANG_WARN_INFINITE_RECURSION = YES;
				CLANG_WARN_INT_CONVERSION = YES;
				CLANG_WARN_NON_LITERAL_NULL_CONVERSION = YES;
				CLANG_WARN_OBJC_LITERAL_CONVERSION = YES;
				CLANG_WARN_OBJC_ROOT_CLASS = YES_ERROR;
				CLANG_WARN_RANGE_LOOP_ANALYSIS = YES;
				CLANG_WARN_STRICT_PROTOTYPES = YES;
				CLANG_WARN_SUSPICIOUS_MOVE = YES;
				CLANG_WARN_UNGUARDED_AVAILABILITY = YES_AGGRESSIVE;
				CLANG_WARN_UNREACHABLE_CODE = YES;
				CLANG_WARN__DUPLICATE_METHOD_MATCH = YES;
				CODE_SIGN_IDENTITY = "iPhone Developer";
				COPY_PHASE_STRIP = NO;
				DEBUG_INFORMATION_FORMAT = "dwarf-with-dsym";
				ENABLE_NS_ASSERTIONS = NO;
				ENABLE_STRICT_OBJC_MSGSEND = YES;
				GCC_C_LANGUAGE_STANDARD = gnu11;
				GCC_NO_COMMON_BLOCKS = YES;
				GCC_WARN_64_TO_32_BIT_CONVERSION = YES;
				GCC_WARN_ABOUT_RETURN_TYPE = YES_ERROR;
				GCC_WARN_UNDECLARED_SELECTOR = YES;
				GCC_WARN_UNINITIALIZED_AUTOS = YES_AGGRESSIVE;
				GCC_WARN_UNUSED_FUNCTION = YES;
				GCC_WARN_UNUSED_VARIABLE = YES;
				IPHONEOS_DEPLOYMENT_TARGET = 11.0;
				MTL_ENABLE_DEBUG_INFO = NO;
				SDKROOT = iphoneos;
				SWIFT_OPTIMIZATION_LEVEL = "-Owholemodule";
				VALIDATE_PRODUCT = YES;
			};
			name = Release;
		};
		039DF9261F9C245B0003FA18 /* Debug */ = {
			isa = XCBuildConfiguration;
			baseConfigurationReference = C3F8840CA262D64B24EDF96A /* Pods-CryptoCheck.debug.xcconfig */;
			buildSettings = {
				ASSETCATALOG_COMPILER_APPICON_NAME = AppIcon;
				CODE_SIGN_STYLE = Automatic;
				INFOPLIST_FILE = CryptoCheck/Info.plist;
				LD_RUNPATH_SEARCH_PATHS = "$(inherited) @executable_path/Frameworks";
				PRODUCT_BUNDLE_IDENTIFIER = com.mcprog.CryptoCheck;
				PRODUCT_NAME = "$(TARGET_NAME)";
				SWIFT_VERSION = 4.0;
				TARGETED_DEVICE_FAMILY = "1,2";
			};
			name = Debug;
		};
		039DF9271F9C245B0003FA18 /* Release */ = {
			isa = XCBuildConfiguration;
			baseConfigurationReference = 241AC3C609128EE9C9B779BE /* Pods-CryptoCheck.release.xcconfig */;
			buildSettings = {
				ASSETCATALOG_COMPILER_APPICON_NAME = AppIcon;
				CODE_SIGN_STYLE = Automatic;
				INFOPLIST_FILE = CryptoCheck/Info.plist;
				LD_RUNPATH_SEARCH_PATHS = "$(inherited) @executable_path/Frameworks";
				PRODUCT_BUNDLE_IDENTIFIER = com.mcprog.CryptoCheck;
				PRODUCT_NAME = "$(TARGET_NAME)";
				SWIFT_VERSION = 4.0;
				TARGETED_DEVICE_FAMILY = "1,2";
			};
			name = Release;
		};
		039DF9291F9C245B0003FA18 /* Debug */ = {
			isa = XCBuildConfiguration;
			buildSettings = {
				ALWAYS_EMBED_SWIFT_STANDARD_LIBRARIES = YES;
				BUNDLE_LOADER = "$(TEST_HOST)";
				CODE_SIGN_STYLE = Automatic;
				INFOPLIST_FILE = CryptoCheckTests/Info.plist;
				LD_RUNPATH_SEARCH_PATHS = "$(inherited) @executable_path/Frameworks @loader_path/Frameworks";
				PRODUCT_BUNDLE_IDENTIFIER = com.mcprog.CryptoCheckTests;
				PRODUCT_NAME = "$(TARGET_NAME)";
				SWIFT_VERSION = 4.0;
				TARGETED_DEVICE_FAMILY = "1,2";
				TEST_HOST = "$(BUILT_PRODUCTS_DIR)/CryptoCheck.app/CryptoCheck";
			};
			name = Debug;
		};
		039DF92A1F9C245B0003FA18 /* Release */ = {
			isa = XCBuildConfiguration;
			buildSettings = {
				ALWAYS_EMBED_SWIFT_STANDARD_LIBRARIES = YES;
				BUNDLE_LOADER = "$(TEST_HOST)";
				CODE_SIGN_STYLE = Automatic;
				INFOPLIST_FILE = CryptoCheckTests/Info.plist;
				LD_RUNPATH_SEARCH_PATHS = "$(inherited) @executable_path/Frameworks @loader_path/Frameworks";
				PRODUCT_BUNDLE_IDENTIFIER = com.mcprog.CryptoCheckTests;
				PRODUCT_NAME = "$(TARGET_NAME)";
				SWIFT_VERSION = 4.0;
				TARGETED_DEVICE_FAMILY = "1,2";
				TEST_HOST = "$(BUILT_PRODUCTS_DIR)/CryptoCheck.app/CryptoCheck";
			};
			name = Release;
		};
		039DF92C1F9C245B0003FA18 /* Debug */ = {
			isa = XCBuildConfiguration;
			buildSettings = {
				ALWAYS_EMBED_SWIFT_STANDARD_LIBRARIES = YES;
				CODE_SIGN_STYLE = Automatic;
				INFOPLIST_FILE = CryptoCheckUITests/Info.plist;
				LD_RUNPATH_SEARCH_PATHS = "$(inherited) @executable_path/Frameworks @loader_path/Frameworks";
				PRODUCT_BUNDLE_IDENTIFIER = com.mcprog.CryptoCheckUITests;
				PRODUCT_NAME = "$(TARGET_NAME)";
				SWIFT_VERSION = 4.0;
				TARGETED_DEVICE_FAMILY = "1,2";
				TEST_TARGET_NAME = CryptoCheck;
			};
			name = Debug;
		};
		039DF92D1F9C245B0003FA18 /* Release */ = {
			isa = XCBuildConfiguration;
			buildSettings = {
				ALWAYS_EMBED_SWIFT_STANDARD_LIBRARIES = YES;
				CODE_SIGN_STYLE = Automatic;
				INFOPLIST_FILE = CryptoCheckUITests/Info.plist;
				LD_RUNPATH_SEARCH_PATHS = "$(inherited) @executable_path/Frameworks @loader_path/Frameworks";
				PRODUCT_BUNDLE_IDENTIFIER = com.mcprog.CryptoCheckUITests;
				PRODUCT_NAME = "$(TARGET_NAME)";
				SWIFT_VERSION = 4.0;
				TARGETED_DEVICE_FAMILY = "1,2";
				TEST_TARGET_NAME = CryptoCheck;
			};
			name = Release;
		};
/* End XCBuildConfiguration section */

/* Begin XCConfigurationList section */
		039DF8F41F9C245A0003FA18 /* Build configuration list for PBXProject "CryptoCheck" */ = {
			isa = XCConfigurationList;
			buildConfigurations = (
				039DF9231F9C245B0003FA18 /* Debug */,
				039DF9241F9C245B0003FA18 /* Release */,
			);
			defaultConfigurationIsVisible = 0;
			defaultConfigurationName = Release;
		};
		039DF9251F9C245B0003FA18 /* Build configuration list for PBXNativeTarget "CryptoCheck" */ = {
			isa = XCConfigurationList;
			buildConfigurations = (
				039DF9261F9C245B0003FA18 /* Debug */,
				039DF9271F9C245B0003FA18 /* Release */,
			);
			defaultConfigurationIsVisible = 0;
			defaultConfigurationName = Release;
		};
		039DF9281F9C245B0003FA18 /* Build configuration list for PBXNativeTarget "CryptoCheckTests" */ = {
			isa = XCConfigurationList;
			buildConfigurations = (
				039DF9291F9C245B0003FA18 /* Debug */,
				039DF92A1F9C245B0003FA18 /* Release */,
			);
			defaultConfigurationIsVisible = 0;
			defaultConfigurationName = Release;
		};
		039DF92B1F9C245B0003FA18 /* Build configuration list for PBXNativeTarget "CryptoCheckUITests" */ = {
			isa = XCConfigurationList;
			buildConfigurations = (
				039DF92C1F9C245B0003FA18 /* Debug */,
				039DF92D1F9C245B0003FA18 /* Release */,
			);
			defaultConfigurationIsVisible = 0;
			defaultConfigurationName = Release;
		};
/* End XCConfigurationList section */
	};
	rootObject = 039DF8F11F9C245A0003FA18 /* Project object */;
}
